{
  "name": "emulatorjs-minify",
  "version": "1.0.0",
  "lockfileVersion": 1,
  "requires": true,
  "dependencies": {
    "uglify-js": {
      "version": "3.15.4",
      "resolved": "https://registry.npmjs.org/uglify-js/-/uglify-js-3.15.4.tgz",
      "integrity": "sha512-vMOPGDuvXecPs34V74qDKk4iJ/SN4vL3Ow/23ixafENYvtrNvtbcgUeugTcUGRGsOF/5fU8/NYSL5Hyb3l1OJA=="
    },
    "uglifycss": {
      "version": "0.0.29",
      "resolved": "https://registry.npmjs.org/uglifycss/-/uglifycss-0.0.29.tgz",
      "integrity": "sha512-J2SQ2QLjiknNGbNdScaNZsXgmMGI0kYNrXaDlr4obnPW9ni1jljb1NeEVWAiTgZ8z+EBWP2ozfT9vpy03rjlMQ=="
    }
  }
}
